
Microsoft Visual Studio Solution File, Format Version 12.00
# Visual Studio Version 17
VisualStudioVersion = 17.4.33205.214
MinimumVisualStudioVersion = 10.0.40219.1
Project("{FAE04EC0-301F-11D3-BF4B-00C04F79EFBC}") = "Entregable 1", "Entregable 1.csproj", "{95139F55-BAD5-4E94-B81F-AFFE6D3717F5}"
EndProject
Global
	GlobalSection(SolutionConfigurationPlatforms) = preSolution
		Debug|Any CPU = Debug|Any CPU
		Release|Any CPU = Release|Any CPU
	EndGlobalSection
	GlobalSection(ProjectConfigurationPlatforms) = postSolution
		{95139F55-BAD5-4E94-B81F-AFFE6D3717F5}.Debug|Any CPU.ActiveCfg = Debug|Any CPU
		{95139F55-BAD5-4E94-B81F-AFFE6D3717F5}.Debug|Any CPU.Build.0 = Debug|Any CPU
		{95139F55-BAD5-4E94-B81F-AFFE6D3717F5}.Release|Any CPU.ActiveCfg = Release|Any CPU
		{95139F55-BAD5-4E94-B81F-AFFE6D3717F5}.Release|Any CPU.Build.0 = Release|Any CPU
	EndGlobalSection
	GlobalSection(SolutionProperties) = preSolution
		HideSolutionNode = FALSE
	EndGlobalSection
	GlobalSection(ExtensibilityGlobals) = postSolution
		SolutionGuid = {F97BACF4-64D4-4CC3-B529-9882F8BFC333}
	EndGlobalSection
EndGlobal
